
Microsoft Visual Studio Solution File, Format Version 12.00
# Visual Studio Version 16
VisualStudioVersion = 16.0.30611.23
MinimumVisualStudioVersion = 10.0.40219.1
Project("{FAE04EC0-301F-11D3-BF4B-00C04F79EFBC}") = "Stanciu_Madalina_Lab2", "Stanciu_Madalina_Lab2.csproj", "{ACD3BE0A-240F-4844-82F9-DBB1E477E9C2}"
EndProject
Global
	GlobalSection(SolutionConfigurationPlatforms) = preSolution
		Debug|Any CPU = Debug|Any CPU
		Release|Any CPU = Release|Any CPU
	EndGlobalSection
	GlobalSection(ProjectConfigurationPlatforms) = postSolution
		{ACD3BE0A-240F-4844-82F9-DBB1E477E9C2}.Debug|Any CPU.ActiveCfg = Debug|Any CPU
		{ACD3BE0A-240F-4844-82F9-DBB1E477E9C2}.Debug|Any CPU.Build.0 = Debug|Any CPU
		{ACD3BE0A-240F-4844-82F9-DBB1E477E9C2}.Release|Any CPU.ActiveCfg = Release|Any CPU
		{ACD3BE0A-240F-4844-82F9-DBB1E477E9C2}.Release|Any CPU.Build.0 = Release|Any CPU
	EndGlobalSection
	GlobalSection(SolutionProperties) = preSolution
		HideSolutionNode = FALSE
	EndGlobalSection
	GlobalSection(ExtensibilityGlobals) = postSolution
		SolutionGuid = {DA9BFEA1-89FF-43EE-9BF0-6F0BF683A0DD}
	EndGlobalSection
EndGlobal
